// !$*UTF8*$!
{
	archiveVersion = 1;
	classes = {
	};
	objectVersion = 46;
	objects = {

/* Begin PBXBuildFile section */
		DA146F321DBFD39A006BAC25 /* AsynchronousDataSource.m in Sources */ = {isa = PBXBuildFile; fileRef = DA146F1F1DBFD39A006BAC25 /* AsynchronousDataSource.m */; };
		DA146F331DBFD39A006BAC25 /* CategoryConsumer.m in Sources */ = {isa = PBXBuildFile; fileRef = DA146F211DBFD39A006BAC25 /* CategoryConsumer.m */; };
		DA146F341DBFD39A006BAC25 /* CategoryDataSource.m in Sources */ = {isa = PBXBuildFile; fileRef = DA146F231DBFD39A006BAC25 /* CategoryDataSource.m */; };
		DA146F351DBFD39A006BAC25 /* RumorConsumer.m in Sources */ = {isa = PBXBuildFile; fileRef = DA146F251DBFD39A006BAC25 /* RumorConsumer.m */; };
		DA146F361DBFD39A006BAC25 /* RumorDataSource.m in Sources */ = {isa = PBXBuildFile; fileRef = DA146F271DBFD39A006BAC25 /* RumorDataSource.m */; };
		DA146F371DBFD39A006BAC25 /* SearchConsumer.m in Sources */ = {isa = PBXBuildFile; fileRef = DA146F291DBFD39A006BAC25 /* SearchConsumer.m */; };
		DA146F381DBFD39A006BAC25 /* SearchDataSource.m in Sources */ = {isa = PBXBuildFile; fileRef = DA146F2B1DBFD39A006BAC25 /* SearchDataSource.m */; };
		DA146F3A1DBFD39A006BAC25 /* TopLevelCategoryConsumer.m in Sources */ = {isa = PBXBuildFile; fileRef = DA146F2F1DBFD39A006BAC25 /* TopLevelCategoryConsumer.m */; };
		DA146F541DBFE921006BAC25 /* TFHpple.m in Sources */ = {isa = PBXBuildFile; fileRef = DA146F411DBFE921006BAC25 /* TFHpple.m */; };
		DA146F551DBFE921006BAC25 /* TFHppleElement.m in Sources */ = {isa = PBXBuildFile; fileRef = DA146F431DBFE921006BAC25 /* TFHppleElement.m */; };
		DA146F561DBFE921006BAC25 /* XPathQuery.m in Sources */ = {isa = PBXBuildFile; fileRef = DA146F451DBFE921006BAC25 /* XPathQuery.m */; };
		DA146F571DBFE921006BAC25 /* NSObject+SBJSON.m in Sources */ = {isa = PBXBuildFile; fileRef = DA146F491DBFE921006BAC25 /* NSObject+SBJSON.m */; };
		DA146F581DBFE921006BAC25 /* NSString+SBJSON.m in Sources */ = {isa = PBXBuildFile; fileRef = DA146F4B1DBFE921006BAC25 /* NSString+SBJSON.m */; };
		DA146F591DBFE921006BAC25 /* SBJSON.m in Sources */ = {isa = PBXBuildFile; fileRef = DA146F4D1DBFE921006BAC25 /* SBJSON.m */; };
		DA146F5A1DBFE921006BAC25 /* SBJsonBase.m in Sources */ = {isa = PBXBuildFile; fileRef = DA146F4F1DBFE921006BAC25 /* SBJsonBase.m */; };
		DA146F5B1DBFE921006BAC25 /* SBJsonParser.m in Sources */ = {isa = PBXBuildFile; fileRef = DA146F511DBFE921006BAC25 /* SBJsonParser.m */; };
		DA146F5C1DBFE921006BAC25 /* SBJsonWriter.m in Sources */ = {isa = PBXBuildFile; fileRef = DA146F531DBFE921006BAC25 /* SBJsonWriter.m */; };
		DA146F681DBFE951006BAC25 /* CachedDataLoader.m in Sources */ = {isa = PBXBuildFile; fileRef = DA146F5F1DBFE951006BAC25 /* CachedDataLoader.m */; };
		DA146F691DBFE951006BAC25 /* CachedImageLoader.m in Sources */ = {isa = PBXBuildFile; fileRef = DA146F611DBFE951006BAC25 /* CachedImageLoader.m */; };
		DA146F6A1DBFE951006BAC25 /* DiskCache.m in Sources */ = {isa = PBXBuildFile; fileRef = DA146F631DBFE951006BAC25 /* DiskCache.m */; };
		DA146F6B1DBFE951006BAC25 /* NSWebViewURLRequest.m in Sources */ = {isa = PBXBuildFile; fileRef = DA146F651DBFE951006BAC25 /* NSWebViewURLRequest.m */; };
		DA146F6C1DBFE951006BAC25 /* RefreshConsumer.m in Sources */ = {isa = PBXBuildFile; fileRef = DA146F671DBFE951006BAC25 /* RefreshConsumer.m */; };
		DA146F6F1DBFE989006BAC25 /* DataConsumer.m in Sources */ = {isa = PBXBuildFile; fileRef = DA146F6E1DBFE989006BAC25 /* DataConsumer.m */; };
		DA146F7F1DBFE9B8006BAC25 /* CategoryNodeTableViewCell.m in Sources */ = {isa = PBXBuildFile; fileRef = DA146F721DBFE9B8006BAC25 /* CategoryNodeTableViewCell.m */; };
		DA146F801DBFE9B8006BAC25 /* CategoryNodeView.m in Sources */ = {isa = PBXBuildFile; fileRef = DA146F741DBFE9B8006BAC25 /* CategoryNodeView.m */; };
		DA146F811DBFE9B8006BAC25 /* LoadingView.m in Sources */ = {isa = PBXBuildFile; fileRef = DA146F761DBFE9B8006BAC25 /* LoadingView.m */; };
		DA146F821DBFE9B8006BAC25 /* RumorNodeTableViewCell.m in Sources */ = {isa = PBXBuildFile; fileRef = DA146F781DBFE9B8006BAC25 /* RumorNodeTableViewCell.m */; };
		DA146F831DBFE9B8006BAC25 /* RumorNodeView.m in Sources */ = {isa = PBXBuildFile; fileRef = DA146F7A1DBFE9B8006BAC25 /* RumorNodeView.m */; };
		DA146F841DBFE9B8006BAC25 /* SearchResultTableViewCell.m in Sources */ = {isa = PBXBuildFile; fileRef = DA146F7C1DBFE9B8006BAC25 /* SearchResultTableViewCell.m */; };
		DA146F851DBFE9B8006BAC25 /* SearchResultView.m in Sources */ = {isa = PBXBuildFile; fileRef = DA146F7E1DBFE9B8006BAC25 /* SearchResultView.m */; };
		DA8659731AA67A9F00BF5C91 /* Icon-72@2x.png in Resources */ = {isa = PBXBuildFile; fileRef = DA8659721AA67A9F00BF5C91 /* Icon-72@2x.png */; };
		DAA2113816FD7E5500F2CAC0 /* UIKit.framework in Frameworks */ = {isa = PBXBuildFile; fileRef = DAA2113716FD7E5500F2CAC0 /* UIKit.framework */; };
		DAA2113A16FD7E5500F2CAC0 /* Foundation.framework in Frameworks */ = {isa = PBXBuildFile; fileRef = DAA2113916FD7E5500F2CAC0 /* Foundation.framework */; };
		DAA2113C16FD7E5500F2CAC0 /* CoreGraphics.framework in Frameworks */ = {isa = PBXBuildFile; fileRef = DAA2113B16FD7E5500F2CAC0 /* CoreGraphics.framework */; };
		DAA2115616FD7E5500F2CAC0 /* SenTestingKit.framework in Frameworks */ = {isa = PBXBuildFile; fileRef = DAA2115516FD7E5500F2CAC0 /* SenTestingKit.framework */; };
		DAA2115716FD7E5500F2CAC0 /* UIKit.framework in Frameworks */ = {isa = PBXBuildFile; fileRef = DAA2113716FD7E5500F2CAC0 /* UIKit.framework */; };
		DAA2115816FD7E5500F2CAC0 /* Foundation.framework in Frameworks */ = {isa = PBXBuildFile; fileRef = DAA2113916FD7E5500F2CAC0 /* Foundation.framework */; };
		DAA2116316FD7E5500F2CAC0 /* DebunkedTests.m in Sources */ = {isa = PBXBuildFile; fileRef = DAA2116216FD7E5500F2CAC0 /* DebunkedTests.m */; };
		DAA2127116FD83A800F2CAC0 /* Blacklist.m in Sources */ = {isa = PBXBuildFile; fileRef = DAA211FE16FD83A800F2CAC0 /* Blacklist.m */; };
		DAA2127416FD83A800F2CAC0 /* Category.m in Sources */ = {isa = PBXBuildFile; fileRef = DAA2120516FD83A800F2CAC0 /* Category.m */; };
		DAA2127516FD83A800F2CAC0 /* CategoryNode.m in Sources */ = {isa = PBXBuildFile; fileRef = DAA2120716FD83A800F2CAC0 /* CategoryNode.m */; };
		DAA2127616FD83A800F2CAC0 /* Rumor.m in Sources */ = {isa = PBXBuildFile; fileRef = DAA2120A16FD83A800F2CAC0 /* Rumor.m */; };
		DAA2127816FD83A800F2CAC0 /* RumorNode.m in Sources */ = {isa = PBXBuildFile; fileRef = DAA2120E16FD83A800F2CAC0 /* RumorNode.m */; };
		DAA2127916FD83A800F2CAC0 /* SearchResult.m in Sources */ = {isa = PBXBuildFile; fileRef = DAA2121016FD83A800F2CAC0 /* SearchResult.m */; };
		DAA2128616FD83A800F2CAC0 /* DebunkedAppDelegate.m in Sources */ = {isa = PBXBuildFile; fileRef = DAA2123116FD83A800F2CAC0 /* DebunkedAppDelegate.m */; };
		DAA2129B16FD83A800F2CAC0 /* AsynchronousTableViewController.m in Sources */ = {isa = PBXBuildFile; fileRef = DAA2126016FD83A800F2CAC0 /* AsynchronousTableViewController.m */; };
		DAA2129C16FD83A800F2CAC0 /* CategoryTableViewController.m in Sources */ = {isa = PBXBuildFile; fileRef = DAA2126216FD83A800F2CAC0 /* CategoryTableViewController.m */; };
		DAA2129D16FD83A800F2CAC0 /* MostViewedTableViewController.m in Sources */ = {isa = PBXBuildFile; fileRef = DAA2126416FD83A800F2CAC0 /* MostViewedTableViewController.m */; };
		DAA2129E16FD83A800F2CAC0 /* RandomViewController.m in Sources */ = {isa = PBXBuildFile; fileRef = DAA2126616FD83A800F2CAC0 /* RandomViewController.m */; };
		DAA212A016FD83A800F2CAC0 /* RumorViewController.m in Sources */ = {isa = PBXBuildFile; fileRef = DAA2126A16FD83A800F2CAC0 /* RumorViewController.m */; };
		DAA212A116FD83A800F2CAC0 /* SearchTableViewController.m in Sources */ = {isa = PBXBuildFile; fileRef = DAA2126C16FD83A800F2CAC0 /* SearchTableViewController.m */; };
		DAA212A216FD83A800F2CAC0 /* WebBrowserViewController.m in Sources */ = {isa = PBXBuildFile; fileRef = DAA2126E16FD83A800F2CAC0 /* WebBrowserViewController.m */; };
		DAA212A316FD83A800F2CAC0 /* WebViewController.m in Sources */ = {isa = PBXBuildFile; fileRef = DAA2127016FD83A800F2CAC0 /* WebViewController.m */; };
		DAA212C716FD83DB00F2CAC0 /* back.png in Resources */ = {isa = PBXBuildFile; fileRef = DAA212A516FD83DB00F2CAC0 /* back.png */; };
		DAA212C816FD83DB00F2CAC0 /* back@2x.png in Resources */ = {isa = PBXBuildFile; fileRef = DAA212A616FD83DB00F2CAC0 /* back@2x.png */; };
		DAA212C916FD83DB00F2CAC0 /* browse.png in Resources */ = {isa = PBXBuildFile; fileRef = DAA212A716FD83DB00F2CAC0 /* browse.png */; };
		DAA212CA16FD83DB00F2CAC0 /* browse@2x.png in Resources */ = {isa = PBXBuildFile; fileRef = DAA212A816FD83DB00F2CAC0 /* browse@2x.png */; };
		DAA212CB16FD83DB00F2CAC0 /* browse_tabitem.png in Resources */ = {isa = PBXBuildFile; fileRef = DAA212A916FD83DB00F2CAC0 /* browse_tabitem.png */; };
		DAA212CC16FD83DB00F2CAC0 /* browse_tabitem@2x.png in Resources */ = {isa = PBXBuildFile; fileRef = DAA212AA16FD83DB00F2CAC0 /* browse_tabitem@2x.png */; };
		DAA212CD16FD83DB00F2CAC0 /* categories_tabitem.png in Resources */ = {isa = PBXBuildFile; fileRef = DAA212AB16FD83DB00F2CAC0 /* categories_tabitem.png */; };
		DAA212CE16FD83DB00F2CAC0 /* categories_tabitem@2x.png in Resources */ = {isa = PBXBuildFile; fileRef = DAA212AC16FD83DB00F2CAC0 /* categories_tabitem@2x.png */; };
		DAA212CF16FD83DB00F2CAC0 /* Default.png in Resources */ = {isa = PBXBuildFile; fileRef = DAA212AD16FD83DB00F2CAC0 /* Default.png */; };
		DAA212D016FD83DB00F2CAC0 /* Default@2x.png in Resources */ = {isa = PBXBuildFile; fileRef = DAA212AE16FD83DB00F2CAC0 /* Default@2x.png */; };
		DAA212D116FD83DB00F2CAC0 /* false.png in Resources */ = {isa = PBXBuildFile; fileRef = DAA212AF16FD83DB00F2CAC0 /* false.png */; };
		DAA212D216FD83DB00F2CAC0 /* false@2x.png in Resources */ = {isa = PBXBuildFile; fileRef = DAA212B016FD83DB00F2CAC0 /* false@2x.png */; };
		DAA212D316FD83DB00F2CAC0 /* forward.png in Resources */ = {isa = PBXBuildFile; fileRef = DAA212B116FD83DB00F2CAC0 /* forward.png */; };
		DAA212D416FD83DB00F2CAC0 /* forward@2x.png in Resources */ = {isa = PBXBuildFile; fileRef = DAA212B216FD83DB00F2CAC0 /* forward@2x.png */; };
		DAA212D516FD83DB00F2CAC0 /* Icon-72.png in Resources */ = {isa = PBXBuildFile; fileRef = DAA212B316FD83DB00F2CAC0 /* Icon-72.png */; };
		DAA212D616FD83DB00F2CAC0 /* Icon-small-50.png in Resources */ = {isa = PBXBuildFile; fileRef = DAA212B416FD83DB00F2CAC0 /* Icon-small-50.png */; };
		DAA212D716FD83DB00F2CAC0 /* Icon-small.png in Resources */ = {isa = PBXBuildFile; fileRef = DAA212B516FD83DB00F2CAC0 /* Icon-small.png */; };
		DAA212D816FD83DB00F2CAC0 /* Icon-small@2x.png in Resources */ = {isa = PBXBuildFile; fileRef = DAA212B616FD83DB00F2CAC0 /* Icon-small@2x.png */; };
		DAA212D916FD83DB00F2CAC0 /* Icon.png in Resources */ = {isa = PBXBuildFile; fileRef = DAA212B716FD83DB00F2CAC0 /* Icon.png */; };
		DAA212DA16FD83DB00F2CAC0 /* Icon@2x.png in Resources */ = {isa = PBXBuildFile; fileRef = DAA212B816FD83DB00F2CAC0 /* Icon@2x.png */; };
		DAA212DB16FD83DB00F2CAC0 /* maybe.png in Resources */ = {isa = PBXBuildFile; fileRef = DAA212B916FD83DB00F2CAC0 /* maybe.png */; };
		DAA212DC16FD83DB00F2CAC0 /* maybe@2x.png in Resources */ = {isa = PBXBuildFile; fileRef = DAA212BA16FD83DB00F2CAC0 /* maybe@2x.png */; };
		DAA212DD16FD83DB00F2CAC0 /* placeholder.png in Resources */ = {isa = PBXBuildFile; fileRef = DAA212BB16FD83DB00F2CAC0 /* placeholder.png */; };
		DAA212DE16FD83DB00F2CAC0 /* placeholder@2x.png in Resources */ = {isa = PBXBuildFile; fileRef = DAA212BC16FD83DB00F2CAC0 /* placeholder@2x.png */; };
		DAA212DF16FD83DB00F2CAC0 /* random_tabitem.png in Resources */ = {isa = PBXBuildFile; fileRef = DAA212BD16FD83DB00F2CAC0 /* random_tabitem.png */; };
		DAA212E016FD83DB00F2CAC0 /* random_tabitem@2x.png in Resources */ = {isa = PBXBuildFile; fileRef = DAA212BE16FD83DB00F2CAC0 /* random_tabitem@2x.png */; };
		DAA212E116FD83DB00F2CAC0 /* share.png in Resources */ = {isa = PBXBuildFile; fileRef = DAA212BF16FD83DB00F2CAC0 /* share.png */; };
		DAA212E216FD83DB00F2CAC0 /* share@2x.png in Resources */ = {isa = PBXBuildFile; fileRef = DAA212C016FD83DB00F2CAC0 /* share@2x.png */; };
		DAA212E316FD83DB00F2CAC0 /* true.png in Resources */ = {isa = PBXBuildFile; fileRef = DAA212C116FD83DB00F2CAC0 /* true.png */; };
		DAA212E416FD83DB00F2CAC0 /* true@2x.png in Resources */ = {isa = PBXBuildFile; fileRef = DAA212C216FD83DB00F2CAC0 /* true@2x.png */; };
		DAA212E516FD83DB00F2CAC0 /* truefalse.png in Resources */ = {isa = PBXBuildFile; fileRef = DAA212C316FD83DB00F2CAC0 /* truefalse.png */; };
		DAA212E616FD83DB00F2CAC0 /* truefalse@2x.png in Resources */ = {isa = PBXBuildFile; fileRef = DAA212C416FD83DB00F2CAC0 /* truefalse@2x.png */; };
		DAA212E716FD83DB00F2CAC0 /* unknown.png in Resources */ = {isa = PBXBuildFile; fileRef = DAA212C516FD83DB00F2CAC0 /* unknown.png */; };
		DAA212E816FD83DB00F2CAC0 /* unknown@2x.png in Resources */ = {isa = PBXBuildFile; fileRef = DAA212C616FD83DB00F2CAC0 /* unknown@2x.png */; };
		DAA212EF16FD849D00F2CAC0 /* main.m in Sources */ = {isa = PBXBuildFile; fileRef = DAA212EA16FD849D00F2CAC0 /* main.m */; };
		DAA212F416FD87E300F2CAC0 /* libxml2.dylib in Frameworks */ = {isa = PBXBuildFile; fileRef = DAA212F316FD87E300F2CAC0 /* libxml2.dylib */; };
		DAA212F616FD881000F2CAC0 /* CoreData.framework in Frameworks */ = {isa = PBXBuildFile; fileRef = DAA212F516FD881000F2CAC0 /* CoreData.framework */; };
		DAA212F816FD881A00F2CAC0 /* QuartzCore.framework in Frameworks */ = {isa = PBXBuildFile; fileRef = DAA212F716FD881A00F2CAC0 /* QuartzCore.framework */; };
		DAA212FA16FD882200F2CAC0 /* MessageUI.framework in Frameworks */ = {isa = PBXBuildFile; fileRef = DAA212F916FD882200F2CAC0 /* MessageUI.framework */; };
		DAA212FE16FD8BD600F2CAC0 /* Blacklist.txt in Resources */ = {isa = PBXBuildFile; fileRef = DAA212FC16FD8BD600F2CAC0 /* Blacklist.txt */; };
		DAA2130116FD8D0D00F2CAC0 /* LICENSE in Resources */ = {isa = PBXBuildFile; fileRef = DAA2130016FD8D0D00F2CAC0 /* LICENSE */; };
		DAA2130716FDA48600F2CAC0 /* Default-568h.png in Resources */ = {isa = PBXBuildFile; fileRef = DAA2130516FDA48600F2CAC0 /* Default-568h.png */; };
		DAA2130816FDA48600F2CAC0 /* Default-568h@2x.png in Resources */ = {isa = PBXBuildFile; fileRef = DAA2130616FDA48600F2CAC0 /* Default-568h@2x.png */; };
		DAEDF51716FDB73D0092021B /* Default@2x~ipad.png in Resources */ = {isa = PBXBuildFile; fileRef = DAEDF51516FDB73D0092021B /* Default@2x~ipad.png */; };
		DAEDF51816FDB73D0092021B /* Default~ipad.png in Resources */ = {isa = PBXBuildFile; fileRef = DAEDF51616FDB73D0092021B /* Default~ipad.png */; };
		DAEDF51B16FDB93F0092021B /* Default-LandscapeLeft@2x~ipad.png in Resources */ = {isa = PBXBuildFile; fileRef = DAEDF51916FDB93F0092021B /* Default-LandscapeLeft@2x~ipad.png */; };
		DAEDF51C16FDB93F0092021B /* Default-LandscapeLeft~ipad.png in Resources */ = {isa = PBXBuildFile; fileRef = DAEDF51A16FDB93F0092021B /* Default-LandscapeLeft~ipad.png */; };
		DAEDF52D16FE7B6A0092021B /* README.md in Resources */ = {isa = PBXBuildFile; fileRef = DAEDF52C16FE7B6A0092021B /* README.md */; };
/* End PBXBuildFile section */

/* Begin PBXContainerItemProxy section */
		DAA2115916FD7E5500F2CAC0 /* PBXContainerItemProxy */ = {
			isa = PBXContainerItemProxy;
			containerPortal = DAA2112C16FD7E5500F2CAC0 /* Project object */;
			proxyType = 1;
			remoteGlobalIDString = DAA2113316FD7E5500F2CAC0;
			remoteInfo = Debunked;
		};
/* End PBXContainerItemProxy section */

/* Begin PBXFileReference section */
		DA146F1E1DBFD39A006BAC25 /* AsynchronousDataSource.h */ = {isa = PBXFileReference; fileEncoding = 4; lastKnownFileType = sourcecode.c.h; lineEnding = 0; path = AsynchronousDataSource.h; sourceTree = "<group>"; xcLanguageSpecificationIdentifier = xcode.lang.objcpp; };
		DA146F1F1DBFD39A006BAC25 /* AsynchronousDataSource.m */ = {isa = PBXFileReference; fileEncoding = 4; lastKnownFileType = sourcecode.c.objc; lineEnding = 0; path = AsynchronousDataSource.m; sourceTree = "<group>"; xcLanguageSpecificationIdentifier = xcode.lang.objc; };
		DA146F201DBFD39A006BAC25 /* CategoryConsumer.h */ = {isa = PBXFileReference; fileEncoding = 4; lastKnownFileType = sourcecode.c.h; path = CategoryConsumer.h; sourceTree = "<group>"; };
		DA146F211DBFD39A006BAC25 /* CategoryConsumer.m */ = {isa = PBXFileReference; fileEncoding = 4; lastKnownFileType = sourcecode.c.objc; path = CategoryConsumer.m; sourceTree = "<group>"; };
		DA146F221DBFD39A006BAC25 /* CategoryDataSource.h */ = {isa = PBXFileReference; fileEncoding = 4; lastKnownFileType = sourcecode.c.h; path = CategoryDataSource.h; sourceTree = "<group>"; };
		DA146F231DBFD39A006BAC25 /* CategoryDataSource.m */ = {isa = PBXFileReference; fileEncoding = 4; lastKnownFileType = sourcecode.c.objc; lineEnding = 0; path = CategoryDataSource.m; sourceTree = "<group>"; xcLanguageSpecificationIdentifier = xcode.lang.objc; };
		DA146F241DBFD39A006BAC25 /* RumorConsumer.h */ = {isa = PBXFileReference; fileEncoding = 4; lastKnownFileType = sourcecode.c.h; path = RumorConsumer.h; sourceTree = "<group>"; };
		DA146F251DBFD39A006BAC25 /* RumorConsumer.m */ = {isa = PBXFileReference; fileEncoding = 4; lastKnownFileType = sourcecode.c.objc; path = RumorConsumer.m; sourceTree = "<group>"; };
		DA146F261DBFD39A006BAC25 /* RumorDataSource.h */ = {isa = PBXFileReference; fileEncoding = 4; lastKnownFileType = sourcecode.c.h; path = RumorDataSource.h; sourceTree = "<group>"; };
		DA146F271DBFD39A006BAC25 /* RumorDataSource.m */ = {isa = PBXFileReference; fileEncoding = 4; lastKnownFileType = sourcecode.c.objc; lineEnding = 0; path = RumorDataSource.m; sourceTree = "<group>"; xcLanguageSpecificationIdentifier = xcode.lang.objc; };
		DA146F281DBFD39A006BAC25 /* SearchConsumer.h */ = {isa = PBXFileReference; fileEncoding = 4; lastKnownFileType = sourcecode.c.h; path = SearchConsumer.h; sourceTree = "<group>"; };
		DA146F291DBFD39A006BAC25 /* SearchConsumer.m */ = {isa = PBXFileReference; fileEncoding = 4; lastKnownFileType = sourcecode.c.objc; path = SearchConsumer.m; sourceTree = "<group>"; };
		DA146F2A1DBFD39A006BAC25 /* SearchDataSource.h */ = {isa = PBXFileReference; fileEncoding = 4; lastKnownFileType = sourcecode.c.h; path = SearchDataSource.h; sourceTree = "<group>"; };
		DA146F2B1DBFD39A006BAC25 /* SearchDataSource.m */ = {isa = PBXFileReference; fileEncoding = 4; lastKnownFileType = sourcecode.c.objc; lineEnding = 0; path = SearchDataSource.m; sourceTree = "<group>"; xcLanguageSpecificationIdentifier = xcode.lang.objc; };
		DA146F2E1DBFD39A006BAC25 /* TopLevelCategoryConsumer.h */ = {isa = PBXFileReference; fileEncoding = 4; lastKnownFileType = sourcecode.c.h; path = TopLevelCategoryConsumer.h; sourceTree = "<group>"; };
		DA146F2F1DBFD39A006BAC25 /* TopLevelCategoryConsumer.m */ = {isa = PBXFileReference; fileEncoding = 4; lastKnownFileType = sourcecode.c.objc; path = TopLevelCategoryConsumer.m; sourceTree = "<group>"; };
		DA146F401DBFE921006BAC25 /* TFHpple.h */ = {isa = PBXFileReference; fileEncoding = 4; lastKnownFileType = sourcecode.c.h; path = TFHpple.h; sourceTree = "<group>"; };
		DA146F411DBFE921006BAC25 /* TFHpple.m */ = {isa = PBXFileReference; fileEncoding = 4; lastKnownFileType = sourcecode.c.objc; path = TFHpple.m; sourceTree = "<group>"; };
		DA146F421DBFE921006BAC25 /* TFHppleElement.h */ = {isa = PBXFileReference; fileEncoding = 4; lastKnownFileType = sourcecode.c.h; path = TFHppleElement.h; sourceTree = "<group>"; };
		DA146F431DBFE921006BAC25 /* TFHppleElement.m */ = {isa = PBXFileReference; fileEncoding = 4; lastKnownFileType = sourcecode.c.objc; path = TFHppleElement.m; sourceTree = "<group>"; };
		DA146F441DBFE921006BAC25 /* XPathQuery.h */ = {isa = PBXFileReference; fileEncoding = 4; lastKnownFileType = sourcecode.c.h; path = XPathQuery.h; sourceTree = "<group>"; };
		DA146F451DBFE921006BAC25 /* XPathQuery.m */ = {isa = PBXFileReference; fileEncoding = 4; lastKnownFileType = sourcecode.c.objc; path = XPathQuery.m; sourceTree = "<group>"; };
		DA146F471DBFE921006BAC25 /* JSON.h */ = {isa = PBXFileReference; fileEncoding = 4; lastKnownFileType = sourcecode.c.h; path = JSON.h; sourceTree = "<group>"; };
		DA146F481DBFE921006BAC25 /* NSObject+SBJSON.h */ = {isa = PBXFileReference; fileEncoding = 4; lastKnownFileType = sourcecode.c.h; path = "NSObject+SBJSON.h"; sourceTree = "<group>"; };
		DA146F491DBFE921006BAC25 /* NSObject+SBJSON.m */ = {isa = PBXFileReference; fileEncoding = 4; lastKnownFileType = sourcecode.c.objc; path = "NSObject+SBJSON.m"; sourceTree = "<group>"; };
		DA146F4A1DBFE921006BAC25 /* NSString+SBJSON.h */ = {isa = PBXFileReference; fileEncoding = 4; lastKnownFileType = sourcecode.c.h; path = "NSString+SBJSON.h"; sourceTree = "<group>"; };
		DA146F4B1DBFE921006BAC25 /* NSString+SBJSON.m */ = {isa = PBXFileReference; fileEncoding = 4; lastKnownFileType = sourcecode.c.objc; path = "NSString+SBJSON.m"; sourceTree = "<group>"; };
		DA146F4C1DBFE921006BAC25 /* SBJSON.h */ = {isa = PBXFileReference; fileEncoding = 4; lastKnownFileType = sourcecode.c.h; path = SBJSON.h; sourceTree = "<group>"; };
		DA146F4D1DBFE921006BAC25 /* SBJSON.m */ = {isa = PBXFileReference; fileEncoding = 4; lastKnownFileType = sourcecode.c.objc; path = SBJSON.m; sourceTree = "<group>"; };
		DA146F4E1DBFE921006BAC25 /* SBJsonBase.h */ = {isa = PBXFileReference; fileEncoding = 4; lastKnownFileType = sourcecode.c.h; path = SBJsonBase.h; sourceTree = "<group>"; };
		DA146F4F1DBFE921006BAC25 /* SBJsonBase.m */ = {isa = PBXFileReference; fileEncoding = 4; lastKnownFileType = sourcecode.c.objc; path = SBJsonBase.m; sourceTree = "<group>"; };
		DA146F501DBFE921006BAC25 /* SBJsonParser.h */ = {isa = PBXFileReference; fileEncoding = 4; lastKnownFileType = sourcecode.c.h; path = SBJsonParser.h; sourceTree = "<group>"; };
		DA146F511DBFE921006BAC25 /* SBJsonParser.m */ = {isa = PBXFileReference; fileEncoding = 4; lastKnownFileType = sourcecode.c.objc; path = SBJsonParser.m; sourceTree = "<group>"; };
		DA146F521DBFE921006BAC25 /* SBJsonWriter.h */ = {isa = PBXFileReference; fileEncoding = 4; lastKnownFileType = sourcecode.c.h; path = SBJsonWriter.h; sourceTree = "<group>"; };
		DA146F531DBFE921006BAC25 /* SBJsonWriter.m */ = {isa = PBXFileReference; fileEncoding = 4; lastKnownFileType = sourcecode.c.objc; path = SBJsonWriter.m; sourceTree = "<group>"; };
		DA146F5E1DBFE951006BAC25 /* CachedDataLoader.h */ = {isa = PBXFileReference; fileEncoding = 4; lastKnownFileType = sourcecode.c.h; path = CachedDataLoader.h; sourceTree = "<group>"; };
		DA146F5F1DBFE951006BAC25 /* CachedDataLoader.m */ = {isa = PBXFileReference; fileEncoding = 4; lastKnownFileType = sourcecode.c.objc; path = CachedDataLoader.m; sourceTree = "<group>"; };
		DA146F601DBFE951006BAC25 /* CachedImageLoader.h */ = {isa = PBXFileReference; fileEncoding = 4; lastKnownFileType = sourcecode.c.h; path = CachedImageLoader.h; sourceTree = "<group>"; };
		DA146F611DBFE951006BAC25 /* CachedImageLoader.m */ = {isa = PBXFileReference; fileEncoding = 4; lastKnownFileType = sourcecode.c.objc; path = CachedImageLoader.m; sourceTree = "<group>"; };
		DA146F621DBFE951006BAC25 /* DiskCache.h */ = {isa = PBXFileReference; fileEncoding = 4; lastKnownFileType = sourcecode.c.h; path = DiskCache.h; sourceTree = "<group>"; };
		DA146F631DBFE951006BAC25 /* DiskCache.m */ = {isa = PBXFileReference; fileEncoding = 4; lastKnownFileType = sourcecode.c.objc; path = DiskCache.m; sourceTree = "<group>"; };
		DA146F641DBFE951006BAC25 /* NSWebViewURLRequest.h */ = {isa = PBXFileReference; fileEncoding = 4; lastKnownFileType = sourcecode.c.h; path = NSWebViewURLRequest.h; sourceTree = "<group>"; };
		DA146F651DBFE951006BAC25 /* NSWebViewURLRequest.m */ = {isa = PBXFileReference; fileEncoding = 4; lastKnownFileType = sourcecode.c.objc; path = NSWebViewURLRequest.m; sourceTree = "<group>"; };
		DA146F661DBFE951006BAC25 /* RefreshConsumer.h */ = {isa = PBXFileReference; fileEncoding = 4; lastKnownFileType = sourcecode.c.h; path = RefreshConsumer.h; sourceTree = "<group>"; };
		DA146F671DBFE951006BAC25 /* RefreshConsumer.m */ = {isa = PBXFileReference; fileEncoding = 4; lastKnownFileType = sourcecode.c.objc; path = RefreshConsumer.m; sourceTree = "<group>"; };
		DA146F6D1DBFE989006BAC25 /* DataConsumer.h */ = {isa = PBXFileReference; fileEncoding = 4; lastKnownFileType = sourcecode.c.h; path = DataConsumer.h; sourceTree = "<group>"; };
		DA146F6E1DBFE989006BAC25 /* DataConsumer.m */ = {isa = PBXFileReference; fileEncoding = 4; lastKnownFileType = sourcecode.c.objc; path = DataConsumer.m; sourceTree = "<group>"; };
		DA146F711DBFE9B8006BAC25 /* CategoryNodeTableViewCell.h */ = {isa = PBXFileReference; fileEncoding = 4; lastKnownFileType = sourcecode.c.h; path = CategoryNodeTableViewCell.h; sourceTree = "<group>"; };
		DA146F721DBFE9B8006BAC25 /* CategoryNodeTableViewCell.m */ = {isa = PBXFileReference; fileEncoding = 4; lastKnownFileType = sourcecode.c.objc; path = CategoryNodeTableViewCell.m; sourceTree = "<group>"; };
		DA146F731DBFE9B8006BAC25 /* CategoryNodeView.h */ = {isa = PBXFileReference; fileEncoding = 4; lastKnownFileType = sourcecode.c.h; path = CategoryNodeView.h; sourceTree = "<group>"; };
		DA146F741DBFE9B8006BAC25 /* CategoryNodeView.m */ = {isa = PBXFileReference; fileEncoding = 4; lastKnownFileType = sourcecode.c.objc; path = CategoryNodeView.m; sourceTree = "<group>"; };
		DA146F751DBFE9B8006BAC25 /* LoadingView.h */ = {isa = PBXFileReference; fileEncoding = 4; lastKnownFileType = sourcecode.c.h; path = LoadingView.h; sourceTree = "<group>"; };
		DA146F761DBFE9B8006BAC25 /* LoadingView.m */ = {isa = PBXFileReference; fileEncoding = 4; lastKnownFileType = sourcecode.c.objc; path = LoadingView.m; sourceTree = "<group>"; };
		DA146F771DBFE9B8006BAC25 /* RumorNodeTableViewCell.h */ = {isa = PBXFileReference; fileEncoding = 4; lastKnownFileType = sourcecode.c.h; path = RumorNodeTableViewCell.h; sourceTree = "<group>"; };
		DA146F781DBFE9B8006BAC25 /* RumorNodeTableViewCell.m */ = {isa = PBXFileReference; fileEncoding = 4; lastKnownFileType = sourcecode.c.objc; path = RumorNodeTableViewCell.m; sourceTree = "<group>"; };
		DA146F791DBFE9B8006BAC25 /* RumorNodeView.h */ = {isa = PBXFileReference; fileEncoding = 4; lastKnownFileType = sourcecode.c.h; path = RumorNodeView.h; sourceTree = "<group>"; };
		DA146F7A1DBFE9B8006BAC25 /* RumorNodeView.m */ = {isa = PBXFileReference; fileEncoding = 4; lastKnownFileType = sourcecode.c.objc; path = RumorNodeView.m; sourceTree = "<group>"; };
		DA146F7B1DBFE9B8006BAC25 /* SearchResultTableViewCell.h */ = {isa = PBXFileReference; fileEncoding = 4; lastKnownFileType = sourcecode.c.h; path = SearchResultTableViewCell.h; sourceTree = "<group>"; };
		DA146F7C1DBFE9B8006BAC25 /* SearchResultTableViewCell.m */ = {isa = PBXFileReference; fileEncoding = 4; lastKnownFileType = sourcecode.c.objc; path = SearchResultTableViewCell.m; sourceTree = "<group>"; };
		DA146F7D1DBFE9B8006BAC25 /* SearchResultView.h */ = {isa = PBXFileReference; fileEncoding = 4; lastKnownFileType = sourcecode.c.h; path = SearchResultView.h; sourceTree = "<group>"; };
		DA146F7E1DBFE9B8006BAC25 /* SearchResultView.m */ = {isa = PBXFileReference; fileEncoding = 4; lastKnownFileType = sourcecode.c.objc; path = SearchResultView.m; sourceTree = "<group>"; };
		DA8659721AA67A9F00BF5C91 /* Icon-72@2x.png */ = {isa = PBXFileReference; lastKnownFileType = image.png; path = "Icon-72@2x.png"; sourceTree = "<group>"; };
		DAA2113416FD7E5500F2CAC0 /* Debunked.app */ = {isa = PBXFileReference; explicitFileType = wrapper.application; includeInIndex = 0; path = Debunked.app; sourceTree = BUILT_PRODUCTS_DIR; };
		DAA2113716FD7E5500F2CAC0 /* UIKit.framework */ = {isa = PBXFileReference; lastKnownFileType = wrapper.framework; name = UIKit.framework; path = System/Library/Frameworks/UIKit.framework; sourceTree = SDKROOT; };
		DAA2113916FD7E5500F2CAC0 /* Foundation.framework */ = {isa = PBXFileReference; lastKnownFileType = wrapper.framework; name = Foundation.framework; path = System/Library/Frameworks/Foundation.framework; sourceTree = SDKROOT; };
		DAA2113B16FD7E5500F2CAC0 /* CoreGraphics.framework */ = {isa = PBXFileReference; lastKnownFileType = wrapper.framework; name = CoreGraphics.framework; path = System/Library/Frameworks/CoreGraphics.framework; sourceTree = SDKROOT; };
		DAA2115416FD7E5500F2CAC0 /* DebunkedTests.octest */ = {isa = PBXFileReference; explicitFileType = wrapper.cfbundle; includeInIndex = 0; path = DebunkedTests.octest; sourceTree = BUILT_PRODUCTS_DIR; };
		DAA2115516FD7E5500F2CAC0 /* SenTestingKit.framework */ = {isa = PBXFileReference; lastKnownFileType = wrapper.framework; name = SenTestingKit.framework; path = Library/Frameworks/SenTestingKit.framework; sourceTree = DEVELOPER_DIR; };
		DAA2116116FD7E5500F2CAC0 /* DebunkedTests.h */ = {isa = PBXFileReference; lastKnownFileType = sourcecode.c.h; path = DebunkedTests.h; sourceTree = "<group>"; };
		DAA2116216FD7E5500F2CAC0 /* DebunkedTests.m */ = {isa = PBXFileReference; lastKnownFileType = sourcecode.c.objc; path = DebunkedTests.m; sourceTree = "<group>"; };
		DAA211FD16FD83A800F2CAC0 /* Blacklist.h */ = {isa = PBXFileReference; fileEncoding = 4; lastKnownFileType = sourcecode.c.h; path = Blacklist.h; sourceTree = "<group>"; };
		DAA211FE16FD83A800F2CAC0 /* Blacklist.m */ = {isa = PBXFileReference; fileEncoding = 4; lastKnownFileType = sourcecode.c.objc; path = Blacklist.m; sourceTree = "<group>"; };
		DAA2120416FD83A800F2CAC0 /* Category.h */ = {isa = PBXFileReference; fileEncoding = 4; lastKnownFileType = sourcecode.c.h; path = Category.h; sourceTree = "<group>"; };
		DAA2120516FD83A800F2CAC0 /* Category.m */ = {isa = PBXFileReference; fileEncoding = 4; lastKnownFileType = sourcecode.c.objc; path = Category.m; sourceTree = "<group>"; };
		DAA2120616FD83A800F2CAC0 /* CategoryNode.h */ = {isa = PBXFileReference; fileEncoding = 4; lastKnownFileType = sourcecode.c.h; path = CategoryNode.h; sourceTree = "<group>"; };
		DAA2120716FD83A800F2CAC0 /* CategoryNode.m */ = {isa = PBXFileReference; fileEncoding = 4; lastKnownFileType = sourcecode.c.objc; path = CategoryNode.m; sourceTree = "<group>"; };
		DAA2120916FD83A800F2CAC0 /* Rumor.h */ = {isa = PBXFileReference; fileEncoding = 4; lastKnownFileType = sourcecode.c.h; path = Rumor.h; sourceTree = "<group>"; };
		DAA2120A16FD83A800F2CAC0 /* Rumor.m */ = {isa = PBXFileReference; fileEncoding = 4; lastKnownFileType = sourcecode.c.objc; path = Rumor.m; sourceTree = "<group>"; };
		DAA2120D16FD83A800F2CAC0 /* RumorNode.h */ = {isa = PBXFileReference; fileEncoding = 4; lastKnownFileType = sourcecode.c.h; path = RumorNode.h; sourceTree = "<group>"; };
		DAA2120E16FD83A800F2CAC0 /* RumorNode.m */ = {isa = PBXFileReference; fileEncoding = 4; lastKnownFileType = sourcecode.c.objc; path = RumorNode.m; sourceTree = "<group>"; };
		DAA2120F16FD83A800F2CAC0 /* SearchResult.h */ = {isa = PBXFileReference; fileEncoding = 4; lastKnownFileType = sourcecode.c.h; path = SearchResult.h; sourceTree = "<group>"; };
		DAA2121016FD83A800F2CAC0 /* SearchResult.m */ = {isa = PBXFileReference; fileEncoding = 4; lastKnownFileType = sourcecode.c.objc; path = SearchResult.m; sourceTree = "<group>"; };
		DAA2123016FD83A800F2CAC0 /* DebunkedAppDelegate.h */ = {isa = PBXFileReference; fileEncoding = 4; lastKnownFileType = sourcecode.c.h; path = DebunkedAppDelegate.h; sourceTree = "<group>"; };
		DAA2123116FD83A800F2CAC0 /* DebunkedAppDelegate.m */ = {isa = PBXFileReference; fileEncoding = 4; lastKnownFileType = sourcecode.c.objc; path = DebunkedAppDelegate.m; sourceTree = "<group>"; };
		DAA2125F16FD83A800F2CAC0 /* AsynchronousTableViewController.h */ = {isa = PBXFileReference; fileEncoding = 4; lastKnownFileType = sourcecode.c.h; path = AsynchronousTableViewController.h; sourceTree = "<group>"; };
		DAA2126016FD83A800F2CAC0 /* AsynchronousTableViewController.m */ = {isa = PBXFileReference; fileEncoding = 4; lastKnownFileType = sourcecode.c.objc; lineEnding = 0; path = AsynchronousTableViewController.m; sourceTree = "<group>"; xcLanguageSpecificationIdentifier = xcode.lang.objc; };
		DAA2126116FD83A800F2CAC0 /* CategoryTableViewController.h */ = {isa = PBXFileReference; fileEncoding = 4; lastKnownFileType = sourcecode.c.h; path = CategoryTableViewController.h; sourceTree = "<group>"; };
		DAA2126216FD83A800F2CAC0 /* CategoryTableViewController.m */ = {isa = PBXFileReference; fileEncoding = 4; lastKnownFileType = sourcecode.c.objc; path = CategoryTableViewController.m; sourceTree = "<group>"; };
		DAA2126316FD83A800F2CAC0 /* MostViewedTableViewController.h */ = {isa = PBXFileReference; fileEncoding = 4; lastKnownFileType = sourcecode.c.h; path = MostViewedTableViewController.h; sourceTree = "<group>"; };
		DAA2126416FD83A800F2CAC0 /* MostViewedTableViewController.m */ = {isa = PBXFileReference; fileEncoding = 4; lastKnownFileType = sourcecode.c.objc; path = MostViewedTableViewController.m; sourceTree = "<group>"; };
		DAA2126516FD83A800F2CAC0 /* RandomViewController.h */ = {isa = PBXFileReference; fileEncoding = 4; lastKnownFileType = sourcecode.c.h; path = RandomViewController.h; sourceTree = "<group>"; };
		DAA2126616FD83A800F2CAC0 /* RandomViewController.m */ = {isa = PBXFileReference; fileEncoding = 4; lastKnownFileType = sourcecode.c.objc; path = RandomViewController.m; sourceTree = "<group>"; };
		DAA2126916FD83A800F2CAC0 /* RumorViewController.h */ = {isa = PBXFileReference; fileEncoding = 4; lastKnownFileType = sourcecode.c.h; path = RumorViewController.h; sourceTree = "<group>"; };
		DAA2126A16FD83A800F2CAC0 /* RumorViewController.m */ = {isa = PBXFileReference; fileEncoding = 4; lastKnownFileType = sourcecode.c.objc; lineEnding = 0; path = RumorViewController.m; sourceTree = "<group>"; xcLanguageSpecificationIdentifier = xcode.lang.objc; };
		DAA2126B16FD83A800F2CAC0 /* SearchTableViewController.h */ = {isa = PBXFileReference; fileEncoding = 4; lastKnownFileType = sourcecode.c.h; path = SearchTableViewController.h; sourceTree = "<group>"; };
		DAA2126C16FD83A800F2CAC0 /* SearchTableViewController.m */ = {isa = PBXFileReference; fileEncoding = 4; lastKnownFileType = sourcecode.c.objc; path = SearchTableViewController.m; sourceTree = "<group>"; };
		DAA2126D16FD83A800F2CAC0 /* WebBrowserViewController.h */ = {isa = PBXFileReference; fileEncoding = 4; lastKnownFileType = sourcecode.c.h; path = WebBrowserViewController.h; sourceTree = "<group>"; };
		DAA2126E16FD83A800F2CAC0 /* WebBrowserViewController.m */ = {isa = PBXFileReference; fileEncoding = 4; lastKnownFileType = sourcecode.c.objc; path = WebBrowserViewController.m; sourceTree = "<group>"; };
		DAA2126F16FD83A800F2CAC0 /* WebViewController.h */ = {isa = PBXFileReference; fileEncoding = 4; lastKnownFileType = sourcecode.c.h; path = WebViewController.h; sourceTree = "<group>"; };
		DAA2127016FD83A800F2CAC0 /* WebViewController.m */ = {isa = PBXFileReference; fileEncoding = 4; lastKnownFileType = sourcecode.c.objc; path = WebViewController.m; sourceTree = "<group>"; };
		DAA212A516FD83DB00F2CAC0 /* back.png */ = {isa = PBXFileReference; lastKnownFileType = image.png; path = back.png; sourceTree = "<group>"; };
		DAA212A616FD83DB00F2CAC0 /* back@2x.png */ = {isa = PBXFileReference; lastKnownFileType = image.png; path = "back@2x.png"; sourceTree = "<group>"; };
		DAA212A716FD83DB00F2CAC0 /* browse.png */ = {isa = PBXFileReference; lastKnownFileType = image.png; path = browse.png; sourceTree = "<group>"; };
		DAA212A816FD83DB00F2CAC0 /* browse@2x.png */ = {isa = PBXFileReference; lastKnownFileType = image.png; path = "browse@2x.png"; sourceTree = "<group>"; };
		DAA212A916FD83DB00F2CAC0 /* browse_tabitem.png */ = {isa = PBXFileReference; lastKnownFileType = image.png; path = browse_tabitem.png; sourceTree = "<group>"; };
		DAA212AA16FD83DB00F2CAC0 /* browse_tabitem@2x.png */ = {isa = PBXFileReference; lastKnownFileType = image.png; path = "browse_tabitem@2x.png"; sourceTree = "<group>"; };
		DAA212AB16FD83DB00F2CAC0 /* categories_tabitem.png */ = {isa = PBXFileReference; lastKnownFileType = image.png; path = categories_tabitem.png; sourceTree = "<group>"; };
		DAA212AC16FD83DB00F2CAC0 /* categories_tabitem@2x.png */ = {isa = PBXFileReference; lastKnownFileType = image.png; path = "categories_tabitem@2x.png"; sourceTree = "<group>"; };
		DAA212AD16FD83DB00F2CAC0 /* Default.png */ = {isa = PBXFileReference; lastKnownFileType = image.png; path = Default.png; sourceTree = "<group>"; };
		DAA212AE16FD83DB00F2CAC0 /* Default@2x.png */ = {isa = PBXFileReference; lastKnownFileType = image.png; path = "Default@2x.png"; sourceTree = "<group>"; };
		DAA212AF16FD83DB00F2CAC0 /* false.png */ = {isa = PBXFileReference; lastKnownFileType = image.png; path = false.png; sourceTree = "<group>"; };
		DAA212B016FD83DB00F2CAC0 /* false@2x.png */ = {isa = PBXFileReference; lastKnownFileType = image.png; path = "false@2x.png"; sourceTree = "<group>"; };
		DAA212B116FD83DB00F2CAC0 /* forward.png */ = {isa = PBXFileReference; lastKnownFileType = image.png; path = forward.png; sourceTree = "<group>"; };
		DAA212B216FD83DB00F2CAC0 /* forward@2x.png */ = {isa = PBXFileReference; lastKnownFileType = image.png; path = "forward@2x.png"; sourceTree = "<group>"; };
		DAA212B316FD83DB00F2CAC0 /* Icon-72.png */ = {isa = PBXFileReference; lastKnownFileType = image.png; path = "Icon-72.png"; sourceTree = "<group>"; };
		DAA212B416FD83DB00F2CAC0 /* Icon-small-50.png */ = {isa = PBXFileReference; lastKnownFileType = image.png; path = "Icon-small-50.png"; sourceTree = "<group>"; };
		DAA212B516FD83DB00F2CAC0 /* Icon-small.png */ = {isa = PBXFileReference; lastKnownFileType = image.png; path = "Icon-small.png"; sourceTree = "<group>"; };
		DAA212B616FD83DB00F2CAC0 /* Icon-small@2x.png */ = {isa = PBXFileReference; lastKnownFileType = image.png; path = "Icon-small@2x.png"; sourceTree = "<group>"; };
		DAA212B716FD83DB00F2CAC0 /* Icon.png */ = {isa = PBXFileReference; lastKnownFileType = image.png; path = Icon.png; sourceTree = "<group>"; };
		DAA212B816FD83DB00F2CAC0 /* Icon@2x.png */ = {isa = PBXFileReference; lastKnownFileType = image.png; path = "Icon@2x.png"; sourceTree = "<group>"; };
		DAA212B916FD83DB00F2CAC0 /* maybe.png */ = {isa = PBXFileReference; lastKnownFileType = image.png; path = maybe.png; sourceTree = "<group>"; };
		DAA212BA16FD83DB00F2CAC0 /* maybe@2x.png */ = {isa = PBXFileReference; lastKnownFileType = image.png; path = "maybe@2x.png"; sourceTree = "<group>"; };
		DAA212BB16FD83DB00F2CAC0 /* placeholder.png */ = {isa = PBXFileReference; lastKnownFileType = image.png; path = placeholder.png; sourceTree = "<group>"; };
		DAA212BC16FD83DB00F2CAC0 /* placeholder@2x.png */ = {isa = PBXFileReference; lastKnownFileType = image.png; path = "placeholder@2x.png"; sourceTree = "<group>"; };
		DAA212BD16FD83DB00F2CAC0 /* random_tabitem.png */ = {isa = PBXFileReference; lastKnownFileType = image.png; path = random_tabitem.png; sourceTree = "<group>"; };
		DAA212BE16FD83DB00F2CAC0 /* random_tabitem@2x.png */ = {isa = PBXFileReference; lastKnownFileType = image.png; path = "random_tabitem@2x.png"; sourceTree = "<group>"; };
		DAA212BF16FD83DB00F2CAC0 /* share.png */ = {isa = PBXFileReference; lastKnownFileType = image.png; path = share.png; sourceTree = "<group>"; };
		DAA212C016FD83DB00F2CAC0 /* share@2x.png */ = {isa = PBXFileReference; lastKnownFileType = image.png; path = "share@2x.png"; sourceTree = "<group>"; };
		DAA212C116FD83DB00F2CAC0 /* true.png */ = {isa = PBXFileReference; lastKnownFileType = image.png; path = true.png; sourceTree = "<group>"; };
		DAA212C216FD83DB00F2CAC0 /* true@2x.png */ = {isa = PBXFileReference; lastKnownFileType = image.png; path = "true@2x.png"; sourceTree = "<group>"; };
		DAA212C316FD83DB00F2CAC0 /* truefalse.png */ = {isa = PBXFileReference; lastKnownFileType = image.png; path = truefalse.png; sourceTree = "<group>"; };
		DAA212C416FD83DB00F2CAC0 /* truefalse@2x.png */ = {isa = PBXFileReference; lastKnownFileType = image.png; path = "truefalse@2x.png"; sourceTree = "<group>"; };
		DAA212C516FD83DB00F2CAC0 /* unknown.png */ = {isa = PBXFileReference; lastKnownFileType = image.png; path = unknown.png; sourceTree = "<group>"; };
		DAA212C616FD83DB00F2CAC0 /* unknown@2x.png */ = {isa = PBXFileReference; lastKnownFileType = image.png; path = "unknown@2x.png"; sourceTree = "<group>"; };
		DAA212EA16FD849D00F2CAC0 /* main.m */ = {isa = PBXFileReference; fileEncoding = 4; lastKnownFileType = sourcecode.c.objc; path = main.m; sourceTree = "<group>"; };
		DAA212F216FD84DC00F2CAC0 /* Debunked-Prefix.pch */ = {isa = PBXFileReference; fileEncoding = 4; lastKnownFileType = sourcecode.c.h; path = "Debunked-Prefix.pch"; sourceTree = "<group>"; };
		DAA212F316FD87E300F2CAC0 /* libxml2.dylib */ = {isa = PBXFileReference; lastKnownFileType = "compiled.mach-o.dylib"; name = libxml2.dylib; path = usr/lib/libxml2.dylib; sourceTree = SDKROOT; };
		DAA212F516FD881000F2CAC0 /* CoreData.framework */ = {isa = PBXFileReference; lastKnownFileType = wrapper.framework; name = CoreData.framework; path = System/Library/Frameworks/CoreData.framework; sourceTree = SDKROOT; };
		DAA212F716FD881A00F2CAC0 /* QuartzCore.framework */ = {isa = PBXFileReference; lastKnownFileType = wrapper.framework; name = QuartzCore.framework; path = System/Library/Frameworks/QuartzCore.framework; sourceTree = SDKROOT; };
		DAA212F916FD882200F2CAC0 /* MessageUI.framework */ = {isa = PBXFileReference; lastKnownFileType = wrapper.framework; name = MessageUI.framework; path = System/Library/Frameworks/MessageUI.framework; sourceTree = SDKROOT; };
		DAA212FC16FD8BD600F2CAC0 /* Blacklist.txt */ = {isa = PBXFileReference; fileEncoding = 4; lastKnownFileType = text; path = Blacklist.txt; sourceTree = "<group>"; };
		DAA212FD16FD8BD600F2CAC0 /* Debunked-Info.plist */ = {isa = PBXFileReference; fileEncoding = 4; lastKnownFileType = text.plist.xml; path = "Debunked-Info.plist"; sourceTree = "<group>"; };
		DAA2130016FD8D0D00F2CAC0 /* LICENSE */ = {isa = PBXFileReference; fileEncoding = 4; lastKnownFileType = text; path = LICENSE; sourceTree = "<group>"; };
		DAA2130316FD9F3C00F2CAC0 /* DebunkedTests-Info.plist */ = {isa = PBXFileReference; fileEncoding = 4; lastKnownFileType = text.plist.xml; path = "DebunkedTests-Info.plist"; sourceTree = "<group>"; };
		DAA2130516FDA48600F2CAC0 /* Default-568h.png */ = {isa = PBXFileReference; lastKnownFileType = image.png; path = "Default-568h.png"; sourceTree = "<group>"; };
		DAA2130616FDA48600F2CAC0 /* Default-568h@2x.png */ = {isa = PBXFileReference; lastKnownFileType = image.png; path = "Default-568h@2x.png"; sourceTree = "<group>"; };
		DAEDF51516FDB73D0092021B /* Default@2x~ipad.png */ = {isa = PBXFileReference; lastKnownFileType = image.png; path = "Default@2x~ipad.png"; sourceTree = "<group>"; };
		DAEDF51616FDB73D0092021B /* Default~ipad.png */ = {isa = PBXFileReference; lastKnownFileType = image.png; path = "Default~ipad.png"; sourceTree = "<group>"; };
		DAEDF51916FDB93F0092021B /* Default-LandscapeLeft@2x~ipad.png */ = {isa = PBXFileReference; lastKnownFileType = image.png; path = "Default-LandscapeLeft@2x~ipad.png"; sourceTree = "<group>"; };
		DAEDF51A16FDB93F0092021B /* Default-LandscapeLeft~ipad.png */ = {isa = PBXFileReference; lastKnownFileType = image.png; path = "Default-LandscapeLeft~ipad.png"; sourceTree = "<group>"; };
		DAEDF52C16FE7B6A0092021B /* README.md */ = {isa = PBXFileReference; fileEncoding = 4; lastKnownFileType = text; path = README.md; sourceTree = "<group>"; };
/* End PBXFileReference section */

/* Begin PBXFrameworksBuildPhase section */
		DAA2113116FD7E5500F2CAC0 /* Frameworks */ = {
			isa = PBXFrameworksBuildPhase;
			buildActionMask = 2147483647;
			files = (
				DAA212F416FD87E300F2CAC0 /* libxml2.dylib in Frameworks */,
				DAA2113A16FD7E5500F2CAC0 /* Foundation.framework in Frameworks */,
				DAA2113816FD7E5500F2CAC0 /* UIKit.framework in Frameworks */,
				DAA2113C16FD7E5500F2CAC0 /* CoreGraphics.framework in Frameworks */,
				DAA212F616FD881000F2CAC0 /* CoreData.framework in Frameworks */,
				DAA212F816FD881A00F2CAC0 /* QuartzCore.framework in Frameworks */,
				DAA212FA16FD882200F2CAC0 /* MessageUI.framework in Frameworks */,
			);
			runOnlyForDeploymentPostprocessing = 0;
		};
		DAA2115016FD7E5500F2CAC0 /* Frameworks */ = {
			isa = PBXFrameworksBuildPhase;
			buildActionMask = 2147483647;
			files = (
				DAA2115616FD7E5500F2CAC0 /* SenTestingKit.framework in Frameworks */,
				DAA2115716FD7E5500F2CAC0 /* UIKit.framework in Frameworks */,
				DAA2115816FD7E5500F2CAC0 /* Foundation.framework in Frameworks */,
			);
			runOnlyForDeploymentPostprocessing = 0;
		};
/* End PBXFrameworksBuildPhase section */

/* Begin PBXGroup section */
		DA146F3E1DBFE921006BAC25 /* Third Party */ = {
			isa = PBXGroup;
			children = (
				DA146F3F1DBFE921006BAC25 /* Hpple */,
				DA146F461DBFE921006BAC25 /* JSON */,
			);
			path = "Third Party";
			sourceTree = "<group>";
		};
		DA146F3F1DBFE921006BAC25 /* Hpple */ = {
			isa = PBXGroup;
			children = (
				DA146F401DBFE921006BAC25 /* TFHpple.h */,
				DA146F411DBFE921006BAC25 /* TFHpple.m */,
				DA146F421DBFE921006BAC25 /* TFHppleElement.h */,
				DA146F431DBFE921006BAC25 /* TFHppleElement.m */,
				DA146F441DBFE921006BAC25 /* XPathQuery.h */,
				DA146F451DBFE921006BAC25 /* XPathQuery.m */,
			);
			path = Hpple;
			sourceTree = "<group>";
		};
		DA146F461DBFE921006BAC25 /* JSON */ = {
			isa = PBXGroup;
			children = (
				DA146F471DBFE921006BAC25 /* JSON.h */,
				DA146F481DBFE921006BAC25 /* NSObject+SBJSON.h */,
				DA146F491DBFE921006BAC25 /* NSObject+SBJSON.m */,
				DA146F4A1DBFE921006BAC25 /* NSString+SBJSON.h */,
				DA146F4B1DBFE921006BAC25 /* NSString+SBJSON.m */,
				DA146F4C1DBFE921006BAC25 /* SBJSON.h */,
				DA146F4D1DBFE921006BAC25 /* SBJSON.m */,
				DA146F4E1DBFE921006BAC25 /* SBJsonBase.h */,
				DA146F4F1DBFE921006BAC25 /* SBJsonBase.m */,
				DA146F501DBFE921006BAC25 /* SBJsonParser.h */,
				DA146F511DBFE921006BAC25 /* SBJsonParser.m */,
				DA146F521DBFE921006BAC25 /* SBJsonWriter.h */,
				DA146F531DBFE921006BAC25 /* SBJsonWriter.m */,
			);
			path = JSON;
			sourceTree = "<group>";
		};
		DA146F5D1DBFE951006BAC25 /* Cache */ = {
			isa = PBXGroup;
			children = (
				DA146F5E1DBFE951006BAC25 /* CachedDataLoader.h */,
				DA146F5F1DBFE951006BAC25 /* CachedDataLoader.m */,
				DA146F601DBFE951006BAC25 /* CachedImageLoader.h */,
				DA146F611DBFE951006BAC25 /* CachedImageLoader.m */,
				DA146F621DBFE951006BAC25 /* DiskCache.h */,
				DA146F631DBFE951006BAC25 /* DiskCache.m */,
				DA146F641DBFE951006BAC25 /* NSWebViewURLRequest.h */,
				DA146F651DBFE951006BAC25 /* NSWebViewURLRequest.m */,
				DA146F661DBFE951006BAC25 /* RefreshConsumer.h */,
				DA146F671DBFE951006BAC25 /* RefreshConsumer.m */,
			);
			path = Cache;
			sourceTree = "<group>";
		};
		DA146F701DBFE9B8006BAC25 /* Views */ = {
			isa = PBXGroup;
			children = (
				DA146F711DBFE9B8006BAC25 /* CategoryNodeTableViewCell.h */,
				DA146F721DBFE9B8006BAC25 /* CategoryNodeTableViewCell.m */,
				DA146F731DBFE9B8006BAC25 /* CategoryNodeView.h */,
				DA146F741DBFE9B8006BAC25 /* CategoryNodeView.m */,
				DA146F751DBFE9B8006BAC25 /* LoadingView.h */,
				DA146F761DBFE9B8006BAC25 /* LoadingView.m */,
				DA146F771DBFE9B8006BAC25 /* RumorNodeTableViewCell.h */,
				DA146F781DBFE9B8006BAC25 /* RumorNodeTableViewCell.m */,
				DA146F791DBFE9B8006BAC25 /* RumorNodeView.h */,
				DA146F7A1DBFE9B8006BAC25 /* RumorNodeView.m */,
				DA146F7B1DBFE9B8006BAC25 /* SearchResultTableViewCell.h */,
				DA146F7C1DBFE9B8006BAC25 /* SearchResultTableViewCell.m */,
				DA146F7D1DBFE9B8006BAC25 /* SearchResultView.h */,
				DA146F7E1DBFE9B8006BAC25 /* SearchResultView.m */,
			);
			path = Views;
			sourceTree = "<group>";
		};
		DAA2112B16FD7E5500F2CAC0 = {
			isa = PBXGroup;
			children = (
				DAA2113D16FD7E5500F2CAC0 /* Debunked */,
				DAA2115B16FD7E5500F2CAC0 /* DebunkedTests */,
				DAA2113616FD7E5500F2CAC0 /* Frameworks */,
				DAA2113516FD7E5500F2CAC0 /* Products */,
				DAA2130016FD8D0D00F2CAC0 /* LICENSE */,
				DAEDF52C16FE7B6A0092021B /* README.md */,
			);
			sourceTree = "<group>";
		};
		DAA2113516FD7E5500F2CAC0 /* Products */ = {
			isa = PBXGroup;
			children = (
				DAA2113416FD7E5500F2CAC0 /* Debunked.app */,
				DAA2115416FD7E5500F2CAC0 /* DebunkedTests.octest */,
			);
			name = Products;
			sourceTree = "<group>";
		};
		DAA2113616FD7E5500F2CAC0 /* Frameworks */ = {
			isa = PBXGroup;
			children = (
				DAA212F316FD87E300F2CAC0 /* libxml2.dylib */,
				DAA212F516FD881000F2CAC0 /* CoreData.framework */,
				DAA2113B16FD7E5500F2CAC0 /* CoreGraphics.framework */,
				DAA2113916FD7E5500F2CAC0 /* Foundation.framework */,
				DAA212F916FD882200F2CAC0 /* MessageUI.framework */,
				DAA212F716FD881A00F2CAC0 /* QuartzCore.framework */,
				DAA2113716FD7E5500F2CAC0 /* UIKit.framework */,
				DAA2115516FD7E5500F2CAC0 /* SenTestingKit.framework */,
			);
			name = Frameworks;
			sourceTree = "<group>";
		};
		DAA2113D16FD7E5500F2CAC0 /* Debunked */ = {
			isa = PBXGroup;
			children = (
				DA146F3E1DBFE921006BAC25 /* Third Party */,
				DAA211FC16FD83A800F2CAC0 /* Source */,
				DAA212A416FD83DB00F2CAC0 /* Images */,
				DAA212E916FD849D00F2CAC0 /* Other Sources */,
				DAA212FB16FD8BD600F2CAC0 /* Resources */,
			);
			path = Debunked;
			sourceTree = "<group>";
		};
		DAA2115B16FD7E5500F2CAC0 /* DebunkedTests */ = {
			isa = PBXGroup;
			children = (
				DAA2116116FD7E5500F2CAC0 /* DebunkedTests.h */,
				DAA2116216FD7E5500F2CAC0 /* DebunkedTests.m */,
				DAA2130216FD9F3C00F2CAC0 /* Resources */,
			);
			path = DebunkedTests;
			sourceTree = "<group>";
		};
		DAA211FC16FD83A800F2CAC0 /* Source */ = {
			isa = PBXGroup;
			children = (
				DAA211FD16FD83A800F2CAC0 /* Blacklist.h */,
				DAA211FE16FD83A800F2CAC0 /* Blacklist.m */,
				DAA2123016FD83A800F2CAC0 /* DebunkedAppDelegate.h */,
				DAA2123116FD83A800F2CAC0 /* DebunkedAppDelegate.m */,
				DA146F5D1DBFE951006BAC25 /* Cache */,
				DAA2120316FD83A800F2CAC0 /* Data Model */,
				DAA2121116FD83A800F2CAC0 /* Data Sources */,
				DAA2125E16FD83A800F2CAC0 /* View Controllers */,
				DA146F701DBFE9B8006BAC25 /* Views */,
			);
			path = Source;
			sourceTree = "<group>";
		};
		DAA2120316FD83A800F2CAC0 /* Data Model */ = {
			isa = PBXGroup;
			children = (
				DAA2120416FD83A800F2CAC0 /* Category.h */,
				DAA2120516FD83A800F2CAC0 /* Category.m */,
				DAA2120616FD83A800F2CAC0 /* CategoryNode.h */,
				DAA2120716FD83A800F2CAC0 /* CategoryNode.m */,
				DAA2120916FD83A800F2CAC0 /* Rumor.h */,
				DAA2120A16FD83A800F2CAC0 /* Rumor.m */,
				DAA2120D16FD83A800F2CAC0 /* RumorNode.h */,
				DAA2120E16FD83A800F2CAC0 /* RumorNode.m */,
				DAA2120F16FD83A800F2CAC0 /* SearchResult.h */,
				DAA2121016FD83A800F2CAC0 /* SearchResult.m */,
			);
			path = "Data Model";
			sourceTree = "<group>";
		};
		DAA2121116FD83A800F2CAC0 /* Data Sources */ = {
			isa = PBXGroup;
			children = (
				DA146F1E1DBFD39A006BAC25 /* AsynchronousDataSource.h */,
				DA146F1F1DBFD39A006BAC25 /* AsynchronousDataSource.m */,
				DA146F201DBFD39A006BAC25 /* CategoryConsumer.h */,
				DA146F211DBFD39A006BAC25 /* CategoryConsumer.m */,
				DA146F221DBFD39A006BAC25 /* CategoryDataSource.h */,
				DA146F231DBFD39A006BAC25 /* CategoryDataSource.m */,
				DA146F6D1DBFE989006BAC25 /* DataConsumer.h */,
				DA146F6E1DBFE989006BAC25 /* DataConsumer.m */,
				DA146F241DBFD39A006BAC25 /* RumorConsumer.h */,
				DA146F251DBFD39A006BAC25 /* RumorConsumer.m */,
				DA146F261DBFD39A006BAC25 /* RumorDataSource.h */,
				DA146F271DBFD39A006BAC25 /* RumorDataSource.m */,
				DA146F281DBFD39A006BAC25 /* SearchConsumer.h */,
				DA146F291DBFD39A006BAC25 /* SearchConsumer.m */,
				DA146F2A1DBFD39A006BAC25 /* SearchDataSource.h */,
				DA146F2B1DBFD39A006BAC25 /* SearchDataSource.m */,
				DA146F2E1DBFD39A006BAC25 /* TopLevelCategoryConsumer.h */,
				DA146F2F1DBFD39A006BAC25 /* TopLevelCategoryConsumer.m */,
			);
			path = "Data Sources";
			sourceTree = "<group>";
		};
		DAA2125E16FD83A800F2CAC0 /* View Controllers */ = {
			isa = PBXGroup;
			children = (
				DAA2125F16FD83A800F2CAC0 /* AsynchronousTableViewController.h */,
				DAA2126016FD83A800F2CAC0 /* AsynchronousTableViewController.m */,
				DAA2126116FD83A800F2CAC0 /* CategoryTableViewController.h */,
				DAA2126216FD83A800F2CAC0 /* CategoryTableViewController.m */,
				DAA2126316FD83A800F2CAC0 /* MostViewedTableViewController.h */,
				DAA2126416FD83A800F2CAC0 /* MostViewedTableViewController.m */,
				DAA2126516FD83A800F2CAC0 /* RandomViewController.h */,
				DAA2126616FD83A800F2CAC0 /* RandomViewController.m */,
				DAA2126916FD83A800F2CAC0 /* RumorViewController.h */,
				DAA2126A16FD83A800F2CAC0 /* RumorViewController.m */,
				DAA2126B16FD83A800F2CAC0 /* SearchTableViewController.h */,
				DAA2126C16FD83A800F2CAC0 /* SearchTableViewController.m */,
				DAA2126D16FD83A800F2CAC0 /* WebBrowserViewController.h */,
				DAA2126E16FD83A800F2CAC0 /* WebBrowserViewController.m */,
				DAA2126F16FD83A800F2CAC0 /* WebViewController.h */,
				DAA2127016FD83A800F2CAC0 /* WebViewController.m */,
			);
			path = "View Controllers";
			sourceTree = "<group>";
		};
		DAA212A416FD83DB00F2CAC0 /* Images */ = {
			isa = PBXGroup;
			children = (
				DAA212A516FD83DB00F2CAC0 /* back.png */,
				DAA212A616FD83DB00F2CAC0 /* back@2x.png */,
				DAA212A716FD83DB00F2CAC0 /* browse.png */,
				DAA212A816FD83DB00F2CAC0 /* browse@2x.png */,
				DAA212A916FD83DB00F2CAC0 /* browse_tabitem.png */,
				DAA212AA16FD83DB00F2CAC0 /* browse_tabitem@2x.png */,
				DAA212AB16FD83DB00F2CAC0 /* categories_tabitem.png */,
				DAA212AC16FD83DB00F2CAC0 /* categories_tabitem@2x.png */,
				DAA2130516FDA48600F2CAC0 /* Default-568h.png */,
				DAA2130616FDA48600F2CAC0 /* Default-568h@2x.png */,
				DAEDF51916FDB93F0092021B /* Default-LandscapeLeft@2x~ipad.png */,
				DAEDF51A16FDB93F0092021B /* Default-LandscapeLeft~ipad.png */,
				DAA212AD16FD83DB00F2CAC0 /* Default.png */,
				DAA212AE16FD83DB00F2CAC0 /* Default@2x.png */,
				DAEDF51516FDB73D0092021B /* Default@2x~ipad.png */,
				DAEDF51616FDB73D0092021B /* Default~ipad.png */,
				DAA212AF16FD83DB00F2CAC0 /* false.png */,
				DAA212B016FD83DB00F2CAC0 /* false@2x.png */,
				DAA212B116FD83DB00F2CAC0 /* forward.png */,
				DAA212B216FD83DB00F2CAC0 /* forward@2x.png */,
				DAA212B316FD83DB00F2CAC0 /* Icon-72.png */,
				DA8659721AA67A9F00BF5C91 /* Icon-72@2x.png */,
				DAA212B416FD83DB00F2CAC0 /* Icon-small-50.png */,
				DAA212B516FD83DB00F2CAC0 /* Icon-small.png */,
				DAA212B616FD83DB00F2CAC0 /* Icon-small@2x.png */,
				DAA212B716FD83DB00F2CAC0 /* Icon.png */,
				DAA212B816FD83DB00F2CAC0 /* Icon@2x.png */,
				DAA212B916FD83DB00F2CAC0 /* maybe.png */,
				DAA212BA16FD83DB00F2CAC0 /* maybe@2x.png */,
				DAA212BB16FD83DB00F2CAC0 /* placeholder.png */,
				DAA212BC16FD83DB00F2CAC0 /* placeholder@2x.png */,
				DAA212BD16FD83DB00F2CAC0 /* random_tabitem.png */,
				DAA212BE16FD83DB00F2CAC0 /* random_tabitem@2x.png */,
				DAA212BF16FD83DB00F2CAC0 /* share.png */,
				DAA212C016FD83DB00F2CAC0 /* share@2x.png */,
				DAA212C116FD83DB00F2CAC0 /* true.png */,
				DAA212C216FD83DB00F2CAC0 /* true@2x.png */,
				DAA212C316FD83DB00F2CAC0 /* truefalse.png */,
				DAA212C416FD83DB00F2CAC0 /* truefalse@2x.png */,
				DAA212C516FD83DB00F2CAC0 /* unknown.png */,
				DAA212C616FD83DB00F2CAC0 /* unknown@2x.png */,
			);
			path = Images;
			sourceTree = "<group>";
		};
		DAA212E916FD849D00F2CAC0 /* Other Sources */ = {
			isa = PBXGroup;
			children = (
				DAA212F216FD84DC00F2CAC0 /* Debunked-Prefix.pch */,
				DAA212EA16FD849D00F2CAC0 /* main.m */,
			);
			path = "Other Sources";
			sourceTree = "<group>";
		};
		DAA212FB16FD8BD600F2CAC0 /* Resources */ = {
			isa = PBXGroup;
			children = (
				DAA212FC16FD8BD600F2CAC0 /* Blacklist.txt */,
				DAA212FD16FD8BD600F2CAC0 /* Debunked-Info.plist */,
			);
			path = Resources;
			sourceTree = "<group>";
		};
		DAA2130216FD9F3C00F2CAC0 /* Resources */ = {
			isa = PBXGroup;
			children = (
				DAA2130316FD9F3C00F2CAC0 /* DebunkedTests-Info.plist */,
			);
			path = Resources;
			sourceTree = "<group>";
		};
/* End PBXGroup section */

/* Begin PBXNativeTarget section */
		DAA2113316FD7E5500F2CAC0 /* Debunked */ = {
			isa = PBXNativeTarget;
			buildConfigurationList = DAA2116616FD7E5500F2CAC0 /* Build configuration list for PBXNativeTarget "Debunked" */;
			buildPhases = (
				DAA2113016FD7E5500F2CAC0 /* Sources */,
				DAA2113116FD7E5500F2CAC0 /* Frameworks */,
				DAA2113216FD7E5500F2CAC0 /* Resources */,
			);
			buildRules = (
			);
			dependencies = (
			);
			name = Debunked;
			productName = Debunked;
			productReference = DAA2113416FD7E5500F2CAC0 /* Debunked.app */;
			productType = "com.apple.product-type.application";
		};
		DAA2115316FD7E5500F2CAC0 /* DebunkedTests */ = {
			isa = PBXNativeTarget;
			buildConfigurationList = DAA2116916FD7E5500F2CAC0 /* Build configuration list for PBXNativeTarget "DebunkedTests" */;
			buildPhases = (
				DAA2114F16FD7E5500F2CAC0 /* Sources */,
				DAA2115016FD7E5500F2CAC0 /* Frameworks */,
				DAA2115116FD7E5500F2CAC0 /* Resources */,
				DAA2115216FD7E5500F2CAC0 /* ShellScript */,
			);
			buildRules = (
			);
			dependencies = (
				DAA2115A16FD7E5500F2CAC0 /* PBXTargetDependency */,
			);
			name = DebunkedTests;
			productName = DebunkedTests;
			productReference = DAA2115416FD7E5500F2CAC0 /* DebunkedTests.octest */;
			productType = "com.apple.product-type.bundle.ocunit-test";
		};
/* End PBXNativeTarget section */

/* Begin PBXProject section */
		DAA2112C16FD7E5500F2CAC0 /* Project object */ = {
			isa = PBXProject;
			attributes = {
				CLASSPREFIX = Debunked;
				LastTestingUpgradeCheck = 0610;
				LastUpgradeCheck = 0800;
				ORGANIZATIONNAME = "Rob Ruana";
				TargetAttributes = {
					DAA2113316FD7E5500F2CAC0 = {
						DevelopmentTeam = 96X9GJB92A;
						ProvisioningStyle = Automatic;
					};
				};
			};
			buildConfigurationList = DAA2112F16FD7E5500F2CAC0 /* Build configuration list for PBXProject "Debunked" */;
			compatibilityVersion = "Xcode 3.2";
			developmentRegion = English;
			hasScannedForEncodings = 0;
			knownRegions = (
				en,
			);
			mainGroup = DAA2112B16FD7E5500F2CAC0;
			productRefGroup = DAA2113516FD7E5500F2CAC0 /* Products */;
			projectDirPath = "";
			projectRoot = "";
			targets = (
				DAA2113316FD7E5500F2CAC0 /* Debunked */,
				DAA2115316FD7E5500F2CAC0 /* DebunkedTests */,
			);
		};
/* End PBXProject section */

/* Begin PBXResourcesBuildPhase section */
		DAA2113216FD7E5500F2CAC0 /* Resources */ = {
			isa = PBXResourcesBuildPhase;
			buildActionMask = 2147483647;
			files = (
				DAA212C716FD83DB00F2CAC0 /* back.png in Resources */,
				DAA212C816FD83DB00F2CAC0 /* back@2x.png in Resources */,
				DAA212C916FD83DB00F2CAC0 /* browse.png in Resources */,
				DAA212CA16FD83DB00F2CAC0 /* browse@2x.png in Resources */,
				DAA212CB16FD83DB00F2CAC0 /* browse_tabitem.png in Resources */,
				DAA212CC16FD83DB00F2CAC0 /* browse_tabitem@2x.png in Resources */,
				DAA212CD16FD83DB00F2CAC0 /* categories_tabitem.png in Resources */,
				DAA212CE16FD83DB00F2CAC0 /* categories_tabitem@2x.png in Resources */,
				DAA212CF16FD83DB00F2CAC0 /* Default.png in Resources */,
				DAA212D016FD83DB00F2CAC0 /* Default@2x.png in Resources */,
				DA8659731AA67A9F00BF5C91 /* Icon-72@2x.png in Resources */,
				DAA212D116FD83DB00F2CAC0 /* false.png in Resources */,
				DAA212D216FD83DB00F2CAC0 /* false@2x.png in Resources */,
				DAA212D316FD83DB00F2CAC0 /* forward.png in Resources */,
				DAA212D416FD83DB00F2CAC0 /* forward@2x.png in Resources */,
				DAA212D516FD83DB00F2CAC0 /* Icon-72.png in Resources */,
				DAA212D616FD83DB00F2CAC0 /* Icon-small-50.png in Resources */,
				DAA212D716FD83DB00F2CAC0 /* Icon-small.png in Resources */,
				DAA212D816FD83DB00F2CAC0 /* Icon-small@2x.png in Resources */,
				DAA212D916FD83DB00F2CAC0 /* Icon.png in Resources */,
				DAA212DA16FD83DB00F2CAC0 /* Icon@2x.png in Resources */,
				DAA212DB16FD83DB00F2CAC0 /* maybe.png in Resources */,
				DAA212DC16FD83DB00F2CAC0 /* maybe@2x.png in Resources */,
				DAA212DD16FD83DB00F2CAC0 /* placeholder.png in Resources */,
				DAA212DE16FD83DB00F2CAC0 /* placeholder@2x.png in Resources */,
				DAA212DF16FD83DB00F2CAC0 /* random_tabitem.png in Resources */,
				DAA212E016FD83DB00F2CAC0 /* random_tabitem@2x.png in Resources */,
				DAA212E116FD83DB00F2CAC0 /* share.png in Resources */,
				DAA212E216FD83DB00F2CAC0 /* share@2x.png in Resources */,
				DAA212E316FD83DB00F2CAC0 /* true.png in Resources */,
				DAA212E416FD83DB00F2CAC0 /* true@2x.png in Resources */,
				DAA212E516FD83DB00F2CAC0 /* truefalse.png in Resources */,
				DAA212E616FD83DB00F2CAC0 /* truefalse@2x.png in Resources */,
				DAA212E716FD83DB00F2CAC0 /* unknown.png in Resources */,
				DAA212E816FD83DB00F2CAC0 /* unknown@2x.png in Resources */,
				DAA212FE16FD8BD600F2CAC0 /* Blacklist.txt in Resources */,
				DAA2130116FD8D0D00F2CAC0 /* LICENSE in Resources */,
				DAA2130716FDA48600F2CAC0 /* Default-568h.png in Resources */,
				DAA2130816FDA48600F2CAC0 /* Default-568h@2x.png in Resources */,
				DAEDF51716FDB73D0092021B /* Default@2x~ipad.png in Resources */,
				DAEDF51816FDB73D0092021B /* Default~ipad.png in Resources */,
				DAEDF51B16FDB93F0092021B /* Default-LandscapeLeft@2x~ipad.png in Resources */,
				DAEDF51C16FDB93F0092021B /* Default-LandscapeLeft~ipad.png in Resources */,
				DAEDF52D16FE7B6A0092021B /* README.md in Resources */,
			);
			runOnlyForDeploymentPostprocessing = 0;
		};
		DAA2115116FD7E5500F2CAC0 /* Resources */ = {
			isa = PBXResourcesBuildPhase;
			buildActionMask = 2147483647;
			files = (
			);
			runOnlyForDeploymentPostprocessing = 0;
		};
/* End PBXResourcesBuildPhase section */

/* Begin PBXShellScriptBuildPhase section */
		DAA2115216FD7E5500F2CAC0 /* ShellScript */ = {
			isa = PBXShellScriptBuildPhase;
			buildActionMask = 2147483647;
			files = (
			);
			inputPaths = (
			);
			outputPaths = (
			);
			runOnlyForDeploymentPostprocessing = 0;
			shellPath = /bin/sh;
			shellScript = "# Run the unit tests in this test bundle.\n\"${SYSTEM_DEVELOPER_DIR}/Tools/RunUnitTests\"\n";
		};
/* End PBXShellScriptBuildPhase section */

/* Begin PBXSourcesBuildPhase section */
		DAA2113016FD7E5500F2CAC0 /* Sources */ = {
			isa = PBXSourcesBuildPhase;
			buildActionMask = 2147483647;
			files = (
				DA146F831DBFE9B8006BAC25 /* RumorNodeView.m in Sources */,
				DAA2127116FD83A800F2CAC0 /* Blacklist.m in Sources */,
				DA146F5A1DBFE921006BAC25 /* SBJsonBase.m in Sources */,
				DAA2127416FD83A800F2CAC0 /* Category.m in Sources */,
				DAA2127516FD83A800F2CAC0 /* CategoryNode.m in Sources */,
				DAA2127616FD83A800F2CAC0 /* Rumor.m in Sources */,
				DAA2127816FD83A800F2CAC0 /* RumorNode.m in Sources */,
				DA146F581DBFE921006BAC25 /* NSString+SBJSON.m in Sources */,
				DAA2127916FD83A800F2CAC0 /* SearchResult.m in Sources */,
				DA146F3A1DBFD39A006BAC25 /* TopLevelCategoryConsumer.m in Sources */,
				DAA2128616FD83A800F2CAC0 /* DebunkedAppDelegate.m in Sources */,
				DA146F371DBFD39A006BAC25 /* SearchConsumer.m in Sources */,
				DA146F331DBFD39A006BAC25 /* CategoryConsumer.m in Sources */,
				DA146F321DBFD39A006BAC25 /* AsynchronousDataSource.m in Sources */,
				DA146F821DBFE9B8006BAC25 /* RumorNodeTableViewCell.m in Sources */,
				DA146F361DBFD39A006BAC25 /* RumorDataSource.m in Sources */,
				DA146F5C1DBFE921006BAC25 /* SBJsonWriter.m in Sources */,
				DA146F7F1DBFE9B8006BAC25 /* CategoryNodeTableViewCell.m in Sources */,
				DA146F841DBFE9B8006BAC25 /* SearchResultTableViewCell.m in Sources */,
				DA146F551DBFE921006BAC25 /* TFHppleElement.m in Sources */,
				DA146F591DBFE921006BAC25 /* SBJSON.m in Sources */,
				DA146F811DBFE9B8006BAC25 /* LoadingView.m in Sources */,
				DA146F5B1DBFE921006BAC25 /* SBJsonParser.m in Sources */,
				DA146F561DBFE921006BAC25 /* XPathQuery.m in Sources */,
				DA146F6B1DBFE951006BAC25 /* NSWebViewURLRequest.m in Sources */,
				DA146F341DBFD39A006BAC25 /* CategoryDataSource.m in Sources */,
				DA146F681DBFE951006BAC25 /* CachedDataLoader.m in Sources */,
				DA146F351DBFD39A006BAC25 /* RumorConsumer.m in Sources */,
				DAA2129B16FD83A800F2CAC0 /* AsynchronousTableViewController.m in Sources */,
				DA146F541DBFE921006BAC25 /* TFHpple.m in Sources */,
				DAA2129C16FD83A800F2CAC0 /* CategoryTableViewController.m in Sources */,
				DA146F6C1DBFE951006BAC25 /* RefreshConsumer.m in Sources */,
				DAA2129D16FD83A800F2CAC0 /* MostViewedTableViewController.m in Sources */,
				DA146F6A1DBFE951006BAC25 /* DiskCache.m in Sources */,
				DA146F381DBFD39A006BAC25 /* SearchDataSource.m in Sources */,
				DAA2129E16FD83A800F2CAC0 /* RandomViewController.m in Sources */,
				DAA212A016FD83A800F2CAC0 /* RumorViewController.m in Sources */,
				DA146F571DBFE921006BAC25 /* NSObject+SBJSON.m in Sources */,
				DA146F801DBFE9B8006BAC25 /* CategoryNodeView.m in Sources */,
				DAA212A116FD83A800F2CAC0 /* SearchTableViewController.m in Sources */,
				DA146F6F1DBFE989006BAC25 /* DataConsumer.m in Sources */,
				DAA212A216FD83A800F2CAC0 /* WebBrowserViewController.m in Sources */,
				DAA212A316FD83A800F2CAC0 /* WebViewController.m in Sources */,
				DA146F851DBFE9B8006BAC25 /* SearchResultView.m in Sources */,
				DA146F691DBFE951006BAC25 /* CachedImageLoader.m in Sources */,
				DAA212EF16FD849D00F2CAC0 /* main.m in Sources */,
			);
			runOnlyForDeploymentPostprocessing = 0;
		};
		DAA2114F16FD7E5500F2CAC0 /* Sources */ = {
			isa = PBXSourcesBuildPhase;
			buildActionMask = 2147483647;
			files = (
				DAA2116316FD7E5500F2CAC0 /* DebunkedTests.m in Sources */,
			);
			runOnlyForDeploymentPostprocessing = 0;
		};
/* End PBXSourcesBuildPhase section */

/* Begin PBXTargetDependency section */
		DAA2115A16FD7E5500F2CAC0 /* PBXTargetDependency */ = {
			isa = PBXTargetDependency;
			target = DAA2113316FD7E5500F2CAC0 /* Debunked */;
			targetProxy = DAA2115916FD7E5500F2CAC0 /* PBXContainerItemProxy */;
		};
/* End PBXTargetDependency section */

/* Begin XCBuildConfiguration section */
		DAA2116416FD7E5500F2CAC0 /* Debug */ = {
			isa = XCBuildConfiguration;
			buildSettings = {
				ALWAYS_SEARCH_USER_PATHS = NO;
				CLANG_CXX_LANGUAGE_STANDARD = "gnu++0x";
				CLANG_CXX_LIBRARY = "libc++";
				CLANG_WARN_BOOL_CONVERSION = YES;
				CLANG_WARN_CONSTANT_CONVERSION = YES;
				CLANG_WARN_EMPTY_BODY = YES;
				CLANG_WARN_ENUM_CONVERSION = YES;
				CLANG_WARN_INFINITE_RECURSION = YES;
				CLANG_WARN_INT_CONVERSION = YES;
				CLANG_WARN_SUSPICIOUS_MOVE = YES;
				CLANG_WARN_UNREACHABLE_CODE = YES;
				CLANG_WARN__DUPLICATE_METHOD_MATCH = YES;
				"CODE_SIGN_IDENTITY[sdk=iphoneos*]" = "iPhone Developer";
				COPY_PHASE_STRIP = NO;
				ENABLE_STRICT_OBJC_MSGSEND = YES;
				ENABLE_TESTABILITY = YES;
				GCC_C_LANGUAGE_STANDARD = gnu99;
				GCC_DYNAMIC_NO_PIC = NO;
				GCC_NO_COMMON_BLOCKS = YES;
				GCC_OPTIMIZATION_LEVEL = 0;
				GCC_PREPROCESSOR_DEFINITIONS = (
					"DEBUG=1",
					"$(inherited)",
				);
				GCC_SYMBOLS_PRIVATE_EXTERN = NO;
				GCC_WARN_64_TO_32_BIT_CONVERSION = YES;
				GCC_WARN_ABOUT_RETURN_TYPE = YES;
				GCC_WARN_UNDECLARED_SELECTOR = YES;
				GCC_WARN_UNINITIALIZED_AUTOS = YES;
				GCC_WARN_UNUSED_FUNCTION = YES;
				GCC_WARN_UNUSED_VARIABLE = YES;
				HEADER_SEARCH_PATHS = "\"${SDKROOT}/usr/include/libxml2\"/**";
				IPHONEOS_DEPLOYMENT_TARGET = 8.0;
				ONLY_ACTIVE_ARCH = YES;
				SDKROOT = iphoneos;
				TARGETED_DEVICE_FAMILY = "1,2";
				USER_HEADER_SEARCH_PATHS = /usr/include/libxml2;
			};
			name = Debug;
		};
		DAA2116516FD7E5500F2CAC0 /* Release */ = {
			isa = XCBuildConfiguration;
			buildSettings = {
				ALWAYS_SEARCH_USER_PATHS = NO;
				CLANG_CXX_LANGUAGE_STANDARD = "gnu++0x";
				CLANG_CXX_LIBRARY = "libc++";
				CLANG_WARN_BOOL_CONVERSION = YES;
				CLANG_WARN_CONSTANT_CONVERSION = YES;
				CLANG_WARN_EMPTY_BODY = YES;
				CLANG_WARN_ENUM_CONVERSION = YES;
				CLANG_WARN_INFINITE_RECURSION = YES;
				CLANG_WARN_INT_CONVERSION = YES;
				CLANG_WARN_SUSPICIOUS_MOVE = YES;
				CLANG_WARN_UNREACHABLE_CODE = YES;
				CLANG_WARN__DUPLICATE_METHOD_MATCH = YES;
				"CODE_SIGN_IDENTITY[sdk=iphoneos*]" = "iPhone Developer";
				COPY_PHASE_STRIP = YES;
				ENABLE_STRICT_OBJC_MSGSEND = YES;
				GCC_C_LANGUAGE_STANDARD = gnu99;
				GCC_NO_COMMON_BLOCKS = YES;
				GCC_WARN_64_TO_32_BIT_CONVERSION = YES;
				GCC_WARN_ABOUT_RETURN_TYPE = YES;
				GCC_WARN_UNDECLARED_SELECTOR = YES;
				GCC_WARN_UNINITIALIZED_AUTOS = YES;
				GCC_WARN_UNUSED_FUNCTION = YES;
				GCC_WARN_UNUSED_VARIABLE = YES;
				HEADER_SEARCH_PATHS = "\"${SDKROOT}/usr/include/libxml2\"/**";
				IPHONEOS_DEPLOYMENT_TARGET = 8.0;
				OTHER_CFLAGS = "-DNS_BLOCK_ASSERTIONS=1";
				SDKROOT = iphoneos;
				TARGETED_DEVICE_FAMILY = "1,2";
				USER_HEADER_SEARCH_PATHS = /usr/include/libxml2;
				VALIDATE_PRODUCT = YES;
			};
			name = Release;
		};
		DAA2116716FD7E5500F2CAC0 /* Debug */ = {
			isa = XCBuildConfiguration;
			buildSettings = {
				"CODE_SIGN_IDENTITY[sdk=iphoneos*]" = "iPhone Developer";
				DEVELOPMENT_TEAM = 96X9GJB92A;
				GCC_PRECOMPILE_PREFIX_HEADER = YES;
				GCC_PREFIX_HEADER = "Debunked/Other Sources/Debunked-Prefix.pch";
				INFOPLIST_FILE = "$(SRCROOT)/Debunked/Resources/Debunked-Info.plist";
				PRODUCT_BUNDLE_IDENTIFIER = com.robruana.Debunked;
				PRODUCT_NAME = "$(TARGET_NAME)";
				WRAPPER_EXTENSION = app;
			};
			name = Debug;
		};
		DAA2116816FD7E5500F2CAC0 /* Release */ = {
			isa = XCBuildConfiguration;
			buildSettings = {
				"CODE_SIGN_IDENTITY[sdk=iphoneos*]" = "iPhone Developer";
				DEVELOPMENT_TEAM = 96X9GJB92A;
				GCC_PRECOMPILE_PREFIX_HEADER = YES;
				GCC_PREFIX_HEADER = "Debunked/Other Sources/Debunked-Prefix.pch";
				INFOPLIST_FILE = "$(SRCROOT)/Debunked/Resources/Debunked-Info.plist";
				PRODUCT_BUNDLE_IDENTIFIER = com.robruana.Debunked;
				PRODUCT_NAME = "$(TARGET_NAME)";
				WRAPPER_EXTENSION = app;
			};
			name = Release;
		};
		DAA2116A16FD7E5500F2CAC0 /* Debug */ = {
			isa = XCBuildConfiguration;
			buildSettings = {
				BUNDLE_LOADER = "$(BUILT_PRODUCTS_DIR)/Debunked.app/Debunked";
				FRAMEWORK_SEARCH_PATHS = (
					"\"$(SDKROOT)/Developer/Library/Frameworks\"",
					"\"$(DEVELOPER_LIBRARY_DIR)/Frameworks\"",
				);
				GCC_PRECOMPILE_PREFIX_HEADER = YES;
				GCC_PREFIX_HEADER = "Debunked/Debunked-Prefix.pch";
				INFOPLIST_FILE = "DebunkedTests/Resources/DebunkedTests-Info.plist";
				PRODUCT_BUNDLE_IDENTIFIER = "com.robruana.${PRODUCT_NAME:rfc1034identifier}";
				PRODUCT_NAME = "$(TARGET_NAME)";
				TEST_HOST = "$(BUNDLE_LOADER)";
				WRAPPER_EXTENSION = octest;
			};
			name = Debug;
		};
		DAA2116B16FD7E5500F2CAC0 /* Release */ = {
			isa = XCBuildConfiguration;
			buildSettings = {
				BUNDLE_LOADER = "$(BUILT_PRODUCTS_DIR)/Debunked.app/Debunked";
				FRAMEWORK_SEARCH_PATHS = (
					"\"$(SDKROOT)/Developer/Library/Frameworks\"",
					"\"$(DEVELOPER_LIBRARY_DIR)/Frameworks\"",
				);
				GCC_PRECOMPILE_PREFIX_HEADER = YES;
				GCC_PREFIX_HEADER = "Debunked/Debunked-Prefix.pch";
				INFOPLIST_FILE = "DebunkedTests/Resources/DebunkedTests-Info.plist";
				PRODUCT_BUNDLE_IDENTIFIER = "com.robruana.${PRODUCT_NAME:rfc1034identifier}";
				PRODUCT_NAME = "$(TARGET_NAME)";
				TEST_HOST = "$(BUNDLE_LOADER)";
				WRAPPER_EXTENSION = octest;
			};
			name = Release;
		};
/* End XCBuildConfiguration section */

/* Begin XCConfigurationList section */
		DAA2112F16FD7E5500F2CAC0 /* Build configuration list for PBXProject "Debunked" */ = {
			isa = XCConfigurationList;
			buildConfigurations = (
				DAA2116416FD7E5500F2CAC0 /* Debug */,
				DAA2116516FD7E5500F2CAC0 /* Release */,
			);
			defaultConfigurationIsVisible = 0;
			defaultConfigurationName = Release;
		};
		DAA2116616FD7E5500F2CAC0 /* Build configuration list for PBXNativeTarget "Debunked" */ = {
			isa = XCConfigurationList;
			buildConfigurations = (
				DAA2116716FD7E5500F2CAC0 /* Debug */,
				DAA2116816FD7E5500F2CAC0 /* Release */,
			);
			defaultConfigurationIsVisible = 0;
			defaultConfigurationName = Release;
		};
		DAA2116916FD7E5500F2CAC0 /* Build configuration list for PBXNativeTarget "DebunkedTests" */ = {
			isa = XCConfigurationList;
			buildConfigurations = (
				DAA2116A16FD7E5500F2CAC0 /* Debug */,
				DAA2116B16FD7E5500F2CAC0 /* Release */,
			);
			defaultConfigurationIsVisible = 0;
			defaultConfigurationName = Release;
		};
/* End XCConfigurationList section */
	};
	rootObject = DAA2112C16FD7E5500F2CAC0 /* Project object */;
}
